<?xml version="1.0" encoding="utf-8"?>
<Project ToolsVersion="4.0" xmlns="http://schemas.microsoft.com/developer/msbuild/2003">
  <ItemGroup>
    <Filter Include="Platform">
      <UniqueIdentifier>{3ac5a172-1add-4f37-91f5-c44fe84ec8eb}</UniqueIdentifier>
    </Filter>
    <Filter Include="Rendering">
      <UniqueIdentifier>{5993042f-82f6-434a-9d99-0f2568837efd}</UniqueIdentifier>
    </Filter>
    <Filter Include="Audio">
      <UniqueIdentifier>{d2aa7bf8-a037-442d-be3c-344ca39bcaf2}</UniqueIdentifier>
    </Filter>
    <Filter Include="Content">
      <UniqueIdentifier>{59f583cc-5f3d-4dbb-8232-46b85bb0731a}</UniqueIdentifier>
    </Filter>
  </ItemGroup>
  <ItemGroup>
    <ClInclude Include="$(MSBuildThisFileDirectory)API.hpp" />
    <ClInclude Include="$(MSBuildThisFileDirectory)Game.hpp" />
    <ClInclude Include="$(MSBuildThisFileDirectory)GameTimer.hpp" />
    <ClInclude Include="$(MSBuildThisFileDirectory)GameTime.hpp" />
    <ClInclude Include="$(MSBuildThisFileDirectory)DisplayOrientation.hpp" />
    <ClInclude Include="$(MSBuildThisFileDirectory)GraphicsDeviceManager.hpp" />
    <ClInclude Include="$(MSBuildThisFileDirectory)Canvas.hpp">
      <Filter>Platform</Filter>
    </ClInclude>
    <ClInclude Include="$(MSBuildThisFileDirectory)APINotAvailableException.hpp">
      <Filter>Rendering</Filter>
    </ClInclude>
    <ClInclude Include="$(MSBuildThisFileDirectory)PresentationParameters.hpp">
      <Filter>Rendering</Filter>
    </ClInclude>
    <ClInclude Include="$(MSBuildThisFileDirectory)ILogicalDevice.hpp">
      <Filter>Rendering</Filter>
    </ClInclude>
    <ClInclude Include="$(MSBuildThisFileDirectory)IQueue.hpp">
      <Filter>Rendering</Filter>
    </ClInclude>
    <ClInclude Include="$(MSBuildThisFileDirectory)IPhysicalDevice.hpp">
      <Filter>Rendering</Filter>
    </ClInclude>
  </ItemGroup>
  <ItemGroup>
    <ClCompile Include="$(MSBuildThisFileDirectory)Game.cpp" />
    <ClCompile Include="$(MSBuildThisFileDirectory)GameTimer.cpp" />
    <ClCompile Include="$(MSBuildThisFileDirectory)GameTime.cpp" />
    <ClCompile Include="$(MSBuildThisFileDirectory)GraphicsDeviceManager.cpp" />
    <ClCompile Include="$(MSBuildThisFileDirectory)Canvas.cpp">
      <Filter>Platform</Filter>
    </ClCompile>
    <ClCompile Include="$(MSBuildThisFileDirectory)APINotAvailableException.cpp">
      <Filter>Rendering</Filter>
    </ClCompile>
    <ClCompile Include="$(MSBuildThisFileDirectory)PresentationParameters.cpp">
      <Filter>Rendering</Filter>
    </ClCompile>
  </ItemGroup>
</Project>