<?xml version="1.0" encoding="utf-8"?>
<Project ToolsVersion="4.0" xmlns="http://schemas.microsoft.com/developer/msbuild/2003">
  <ItemGroup>
    <Filter Include="Rendering">
      <UniqueIdentifier>{5993042f-82f6-434a-9d99-0f2568837efd}</UniqueIdentifier>
    </Filter>
    <Filter Include="Audio">
      <UniqueIdentifier>{d2aa7bf8-a037-442d-be3c-344ca39bcaf2}</UniqueIdentifier>
    </Filter>
    <Filter Include="Content">
      <UniqueIdentifier>{59f583cc-5f3d-4dbb-8232-46b85bb0731a}</UniqueIdentifier>
    </Filter>
    <Filter Include="Input">
      <UniqueIdentifier>{76450a48-6964-4b7c-9f03-d7c507399443}</UniqueIdentifier>
    </Filter>
    <Filter Include="Rendering\Native">
      <UniqueIdentifier>{7816fa01-97e4-43a2-a189-245343bc603a}</UniqueIdentifier>
    </Filter>
  </ItemGroup>
  <ItemGroup>
    <ClInclude Include="$(MSBuildThisFileDirectory)API.hpp" />
    <ClInclude Include="$(MSBuildThisFileDirectory)Game.hpp" />
    <ClInclude Include="$(MSBuildThisFileDirectory)GameTime.hpp" />
    <ClInclude Include="$(MSBuildThisFileDirectory)GraphicsDeviceManager.hpp" />
    <ClInclude Include="$(MSBuildThisFileDirectory)SurfaceFormat.hpp">
      <Filter>Rendering</Filter>
    </ClInclude>
    <ClInclude Include="$(MSBuildThisFileDirectory)ClearOptions.hpp">
      <Filter>Rendering</Filter>
    </ClInclude>
    <ClInclude Include="$(MSBuildThisFileDirectory)PhysicalDeviceType.hpp">
      <Filter>Rendering</Filter>
    </ClInclude>
    <ClInclude Include="$(MSBuildThisFileDirectory)APINotAvailableException.hpp" />
    <ClInclude Include="$(MSBuildThisFileDirectory)PresentationParameters.hpp" />
    <ClInclude Include="$(MSBuildThisFileDirectory)DisplayMode.hpp" />
    <ClInclude Include="$(MSBuildThisFileDirectory)DisplayOrientation.hpp" />
    <ClInclude Include="$(MSBuildThisFileDirectory)Color.hpp" />
    <ClInclude Include="$(MSBuildThisFileDirectory)DepthFormat.hpp">
      <Filter>Rendering</Filter>
    </ClInclude>
    <ClInclude Include="$(MSBuildThisFileDirectory)ContentManager.hpp">
      <Filter>Content</Filter>
    </ClInclude>
    <ClInclude Include="$(MSBuildThisFileDirectory)ContentReader.hpp">
      <Filter>Content</Filter>
    </ClInclude>
    <ClInclude Include="$(MSBuildThisFileDirectory)ContentLoadException.hpp">
      <Filter>Content</Filter>
    </ClInclude>
    <ClInclude Include="$(MSBuildThisFileDirectory)Fence.hpp">
      <Filter>Rendering</Filter>
    </ClInclude>
    <ClInclude Include="$(MSBuildThisFileDirectory)GraphicsDevice.hpp">
      <Filter>Rendering</Filter>
    </ClInclude>
    <ClInclude Include="$(MSBuildThisFileDirectory)CommandPool.hpp">
      <Filter>Rendering</Filter>
    </ClInclude>
    <ClInclude Include="$(MSBuildThisFileDirectory)CommandBuffer.hpp">
      <Filter>Rendering</Filter>
    </ClInclude>
    <ClInclude Include="$(MSBuildThisFileDirectory)Queue.hpp">
      <Filter>Rendering</Filter>
    </ClInclude>
    <ClInclude Include="$(MSBuildThisFileDirectory)Semaphore.hpp">
      <Filter>Rendering</Filter>
    </ClInclude>
    <ClInclude Include="$(MSBuildThisFileDirectory)RenderPass.hpp">
      <Filter>Rendering</Filter>
    </ClInclude>
    <ClInclude Include="$(MSBuildThisFileDirectory)FrameBuffer.hpp">
      <Filter>Rendering</Filter>
    </ClInclude>
    <ClInclude Include="$(MSBuildThisFileDirectory)ShaderModuleType.hpp">
      <Filter>Rendering</Filter>
    </ClInclude>
    <ClInclude Include="$(MSBuildThisFileDirectory)ShaderModule.hpp">
      <Filter>Rendering</Filter>
    </ClInclude>
    <ClInclude Include="$(MSBuildThisFileDirectory)InputFrame.hpp">
      <Filter>Input</Filter>
    </ClInclude>
    <ClInclude Include="$(MSBuildThisFileDirectory)KeyboardState.hpp">
      <Filter>Input</Filter>
    </ClInclude>
    <ClInclude Include="$(MSBuildThisFileDirectory)Key.hpp">
      <Filter>Input</Filter>
    </ClInclude>
    <ClInclude Include="$(MSBuildThisFileDirectory)KeyState.hpp">
      <Filter>Input</Filter>
    </ClInclude>
    <ClInclude Include="$(MSBuildThisFileDirectory)GraphicsPipeline.hpp">
      <Filter>Rendering</Filter>
    </ClInclude>
    <ClInclude Include="$(MSBuildThisFileDirectory)INativeCommandBuffer.hpp">
      <Filter>Rendering\Native</Filter>
    </ClInclude>
    <ClInclude Include="$(MSBuildThisFileDirectory)INativeCommandPool.hpp">
      <Filter>Rendering\Native</Filter>
    </ClInclude>
    <ClInclude Include="$(MSBuildThisFileDirectory)INativeFence.hpp">
      <Filter>Rendering\Native</Filter>
    </ClInclude>
    <ClInclude Include="$(MSBuildThisFileDirectory)INativeFrameBuffer.hpp">
      <Filter>Rendering\Native</Filter>
    </ClInclude>
    <ClInclude Include="$(MSBuildThisFileDirectory)INativeGraphicsAPI.hpp">
      <Filter>Rendering\Native</Filter>
    </ClInclude>
    <ClInclude Include="$(MSBuildThisFileDirectory)INativeGraphicsDevice.hpp">
      <Filter>Rendering\Native</Filter>
    </ClInclude>
    <ClInclude Include="$(MSBuildThisFileDirectory)INativeGraphicsPipeline.hpp">
      <Filter>Rendering\Native</Filter>
    </ClInclude>
    <ClInclude Include="$(MSBuildThisFileDirectory)INativePhysicalDevice.hpp">
      <Filter>Rendering\Native</Filter>
    </ClInclude>
    <ClInclude Include="$(MSBuildThisFileDirectory)INativeQueue.hpp">
      <Filter>Rendering\Native</Filter>
    </ClInclude>
    <ClInclude Include="$(MSBuildThisFileDirectory)INativeRenderPass.hpp">
      <Filter>Rendering\Native</Filter>
    </ClInclude>
    <ClInclude Include="$(MSBuildThisFileDirectory)INativeSemaphore.hpp">
      <Filter>Rendering\Native</Filter>
    </ClInclude>
    <ClInclude Include="$(MSBuildThisFileDirectory)INativeShaderModule.hpp">
      <Filter>Rendering\Native</Filter>
    </ClInclude>
    <ClInclude Include="$(MSBuildThisFileDirectory)GameTimer.hpp" />
    <ClInclude Include="$(MSBuildThisFileDirectory)INativeVertexBuffer.hpp">
      <Filter>Rendering\Native</Filter>
    </ClInclude>
    <ClInclude Include="$(MSBuildThisFileDirectory)INativeIndexBuffer.hpp">
      <Filter>Rendering\Native</Filter>
    </ClInclude>
    <ClInclude Include="$(MSBuildThisFileDirectory)BufferUsage.hpp">
      <Filter>Rendering</Filter>
    </ClInclude>
    <ClInclude Include="$(MSBuildThisFileDirectory)IndexElementSize.hpp">
      <Filter>Rendering</Filter>
    </ClInclude>
    <ClInclude Include="$(MSBuildThisFileDirectory)VertexBuffer.hpp">
      <Filter>Rendering</Filter>
    </ClInclude>
    <ClInclude Include="$(MSBuildThisFileDirectory)VertexDeclaration.hpp">
      <Filter>Rendering</Filter>
    </ClInclude>
    <ClInclude Include="$(MSBuildThisFileDirectory)VertexElement.hpp">
      <Filter>Rendering</Filter>
    </ClInclude>
  </ItemGroup>
  <ItemGroup>
    <ClCompile Include="$(MSBuildThisFileDirectory)Game.cpp" />
    <ClCompile Include="$(MSBuildThisFileDirectory)GameTime.cpp" />
    <ClCompile Include="$(MSBuildThisFileDirectory)GraphicsDeviceManager.cpp" />
    <ClCompile Include="$(MSBuildThisFileDirectory)APINotAvailableException.cpp" />
    <ClCompile Include="$(MSBuildThisFileDirectory)PresentationParameters.cpp" />
    <ClCompile Include="$(MSBuildThisFileDirectory)Color.cpp" />
    <ClCompile Include="$(MSBuildThisFileDirectory)ContentManager.cpp">
      <Filter>Content</Filter>
    </ClCompile>
    <ClCompile Include="$(MSBuildThisFileDirectory)ContentReader.cpp">
      <Filter>Content</Filter>
    </ClCompile>
    <ClCompile Include="$(MSBuildThisFileDirectory)ContentLoadException.cpp">
      <Filter>Content</Filter>
    </ClCompile>
    <ClCompile Include="$(MSBuildThisFileDirectory)Fence.cpp">
      <Filter>Rendering</Filter>
    </ClCompile>
    <ClCompile Include="$(MSBuildThisFileDirectory)GraphicsDevice.cpp">
      <Filter>Rendering</Filter>
    </ClCompile>
    <ClCompile Include="$(MSBuildThisFileDirectory)CommandPool.cpp">
      <Filter>Rendering</Filter>
    </ClCompile>
    <ClCompile Include="$(MSBuildThisFileDirectory)CommandBuffer.cpp">
      <Filter>Rendering</Filter>
    </ClCompile>
    <ClCompile Include="$(MSBuildThisFileDirectory)Queue.cpp">
      <Filter>Rendering</Filter>
    </ClCompile>
    <ClCompile Include="$(MSBuildThisFileDirectory)Semaphore.cpp">
      <Filter>Rendering</Filter>
    </ClCompile>
    <ClCompile Include="$(MSBuildThisFileDirectory)RenderPass.cpp">
      <Filter>Rendering</Filter>
    </ClCompile>
    <ClCompile Include="$(MSBuildThisFileDirectory)FrameBuffer.cpp">
      <Filter>Rendering</Filter>
    </ClCompile>
    <ClCompile Include="$(MSBuildThisFileDirectory)ShaderModule.cpp">
      <Filter>Rendering</Filter>
    </ClCompile>
    <ClCompile Include="$(MSBuildThisFileDirectory)InputFrame.cpp">
      <Filter>Input</Filter>
    </ClCompile>
    <ClCompile Include="$(MSBuildThisFileDirectory)KeyboardState.cpp">
      <Filter>Input</Filter>
    </ClCompile>
    <ClCompile Include="$(MSBuildThisFileDirectory)GraphicsPipeline.cpp">
      <Filter>Rendering</Filter>
    </ClCompile>
    <ClCompile Include="$(MSBuildThisFileDirectory)GameTimer.cpp" />
    <ClCompile Include="$(MSBuildThisFileDirectory)VertexBuffer.cpp">
      <Filter>Rendering</Filter>
    </ClCompile>
    <ClCompile Include="$(MSBuildThisFileDirectory)VertexDeclaration.cpp">
      <Filter>Rendering</Filter>
    </ClCompile>
    <ClCompile Include="$(MSBuildThisFileDirectory)VertexElement.cpp">
      <Filter>Rendering</Filter>
    </ClCompile>
  </ItemGroup>
</Project>